// !$*UTF8*$!
{
	archiveVersion = 1;
	classes = {
	};
	objectVersion = 55;
	objects = {

/* Begin PBXBuildFile section */
		923DF99A2864D9E50035D1F6 /* SendFeedbackViewController.swift in Sources */ = {isa = PBXBuildFile; fileRef = 923DF9992864D9E50035D1F6 /* SendFeedbackViewController.swift */; };
		9241EC562870C70300148051 /* ProfileFeedbackDetailViewController.swift in Sources */ = {isa = PBXBuildFile; fileRef = 9241EC552870C70300148051 /* ProfileFeedbackDetailViewController.swift */; };
		9288E29D286DC619009B8F2B /* WebService.swift in Sources */ = {isa = PBXBuildFile; fileRef = 9288E29C286DC619009B8F2B /* WebService.swift */; };
		9292043428631CB20075DACC /* ProfileFeedbackViewController.swift in Sources */ = {isa = PBXBuildFile; fileRef = 9292043328631CB20075DACC /* ProfileFeedbackViewController.swift */; };
		92B15FA2285F55A900B9513C /* AppDelegate.swift in Sources */ = {isa = PBXBuildFile; fileRef = 92B15FA1285F55A900B9513C /* AppDelegate.swift */; };
		92B15FA4285F55A900B9513C /* SceneDelegate.swift in Sources */ = {isa = PBXBuildFile; fileRef = 92B15FA3285F55A900B9513C /* SceneDelegate.swift */; };
		92B15FA6285F55A900B9513C /* HomeViewController.swift in Sources */ = {isa = PBXBuildFile; fileRef = 92B15FA5285F55A900B9513C /* HomeViewController.swift */; };
		92B15FA9285F55A900B9513C /* Main.storyboard in Resources */ = {isa = PBXBuildFile; fileRef = 92B15FA7285F55A900B9513C /* Main.storyboard */; };
		92B15FAB285F55AB00B9513C /* Assets.xcassets in Resources */ = {isa = PBXBuildFile; fileRef = 92B15FAA285F55AB00B9513C /* Assets.xcassets */; };
		92B15FAE285F55AB00B9513C /* LaunchScreen.storyboard in Resources */ = {isa = PBXBuildFile; fileRef = 92B15FAC285F55AB00B9513C /* LaunchScreen.storyboard */; };
		92B15FCB2860537B00B9513C /* DetailViewController.swift in Sources */ = {isa = PBXBuildFile; fileRef = 92B15FCA2860537B00B9513C /* DetailViewController.swift */; };
		92B15FCD2860882800B9513C /* LoginViewController.swift in Sources */ = {isa = PBXBuildFile; fileRef = 92B15FCC2860882800B9513C /* LoginViewController.swift */; };
		92B15FCF28608E2C00B9513C /* SignUpViewController.swift in Sources */ = {isa = PBXBuildFile; fileRef = 92B15FCE28608E2C00B9513C /* SignUpViewController.swift */; };
		92B15FD22860A74F00B9513C /* ProfileViewController.swift in Sources */ = {isa = PBXBuildFile; fileRef = 92B15FD12860A74F00B9513C /* ProfileViewController.swift */; };
		92E43D772869B52300863B65 /* OldFeedbacksViewController.swift in Sources */ = {isa = PBXBuildFile; fileRef = 92E43D762869B52300863B65 /* OldFeedbacksViewController.swift */; };
		92E43D792869B7FA00863B65 /* FeedbackDetailViewController.swift in Sources */ = {isa = PBXBuildFile; fileRef = 92E43D782869B7FA00863B65 /* FeedbackDetailViewController.swift */; };
		92E43D7B2869BF7200863B65 /* EditProfileViewController.swift in Sources */ = {isa = PBXBuildFile; fileRef = 92E43D7A2869BF7100863B65 /* EditProfileViewController.swift */; };
/* End PBXBuildFile section */

/* Begin PBXFileReference section */
		923DF9992864D9E50035D1F6 /* SendFeedbackViewController.swift */ = {isa = PBXFileReference; lastKnownFileType = sourcecode.swift; path = SendFeedbackViewController.swift; sourceTree = "<group>"; };
		9241EC552870C70300148051 /* ProfileFeedbackDetailViewController.swift */ = {isa = PBXFileReference; lastKnownFileType = sourcecode.swift; path = ProfileFeedbackDetailViewController.swift; sourceTree = "<group>"; };
		9288E29C286DC619009B8F2B /* WebService.swift */ = {isa = PBXFileReference; lastKnownFileType = sourcecode.swift; path = WebService.swift; sourceTree = "<group>"; };
		9292043328631CB20075DACC /* ProfileFeedbackViewController.swift */ = {isa = PBXFileReference; lastKnownFileType = sourcecode.swift; path = ProfileFeedbackViewController.swift; sourceTree = "<group>"; };
		92B15F9E285F55A900B9513C /* Employee Feedback App.app */ = {isa = PBXFileReference; explicitFileType = wrapper.application; includeInIndex = 0; path = "Employee Feedback App.app"; sourceTree = BUILT_PRODUCTS_DIR; };
		92B15FA1285F55A900B9513C /* AppDelegate.swift */ = {isa = PBXFileReference; lastKnownFileType = sourcecode.swift; path = AppDelegate.swift; sourceTree = "<group>"; };
		92B15FA3285F55A900B9513C /* SceneDelegate.swift */ = {isa = PBXFileReference; lastKnownFileType = sourcecode.swift; path = SceneDelegate.swift; sourceTree = "<group>"; };
		92B15FA5285F55A900B9513C /* HomeViewController.swift */ = {isa = PBXFileReference; lastKnownFileType = sourcecode.swift; path = HomeViewController.swift; sourceTree = "<group>"; };
		92B15FA8285F55A900B9513C /* Base */ = {isa = PBXFileReference; lastKnownFileType = file.storyboard; name = Base; path = Base.lproj/Main.storyboard; sourceTree = "<group>"; };
		92B15FAA285F55AB00B9513C /* Assets.xcassets */ = {isa = PBXFileReference; lastKnownFileType = folder.assetcatalog; path = Assets.xcassets; sourceTree = "<group>"; };
		92B15FAD285F55AB00B9513C /* Base */ = {isa = PBXFileReference; lastKnownFileType = file.storyboard; name = Base; path = Base.lproj/LaunchScreen.storyboard; sourceTree = "<group>"; };
		92B15FAF285F55AB00B9513C /* Info.plist */ = {isa = PBXFileReference; lastKnownFileType = text.plist.xml; path = Info.plist; sourceTree = "<group>"; };
		92B15FCA2860537B00B9513C /* DetailViewController.swift */ = {isa = PBXFileReference; lastKnownFileType = sourcecode.swift; path = DetailViewController.swift; sourceTree = "<group>"; };
		92B15FCC2860882800B9513C /* LoginViewController.swift */ = {isa = PBXFileReference; lastKnownFileType = sourcecode.swift; path = LoginViewController.swift; sourceTree = "<group>"; };
		92B15FCE28608E2C00B9513C /* SignUpViewController.swift */ = {isa = PBXFileReference; lastKnownFileType = sourcecode.swift; path = SignUpViewController.swift; sourceTree = "<group>"; };
		92B15FD12860A74F00B9513C /* ProfileViewController.swift */ = {isa = PBXFileReference; lastKnownFileType = sourcecode.swift; path = ProfileViewController.swift; sourceTree = "<group>"; };
		92E43D762869B52300863B65 /* OldFeedbacksViewController.swift */ = {isa = PBXFileReference; lastKnownFileType = sourcecode.swift; path = OldFeedbacksViewController.swift; sourceTree = "<group>"; };
		92E43D782869B7FA00863B65 /* FeedbackDetailViewController.swift */ = {isa = PBXFileReference; lastKnownFileType = sourcecode.swift; path = FeedbackDetailViewController.swift; sourceTree = "<group>"; };
		92E43D7A2869BF7100863B65 /* EditProfileViewController.swift */ = {isa = PBXFileReference; lastKnownFileType = sourcecode.swift; path = EditProfileViewController.swift; sourceTree = "<group>"; };
/* End PBXFileReference section */

/* Begin PBXFrameworksBuildPhase section */
		92B15F9B285F55A900B9513C /* Frameworks */ = {
			isa = PBXFrameworksBuildPhase;
			buildActionMask = 2147483647;
			files = (
			);
			runOnlyForDeploymentPostprocessing = 0;
		};
/* End PBXFrameworksBuildPhase section */

/* Begin PBXGroup section */
		9288E29B286DC5EB009B8F2B /* Services */ = {
			isa = PBXGroup;
			children = (
				9288E29C286DC619009B8F2B /* WebService.swift */,
			);
			path = Services;
			sourceTree = "<group>";
		};
		92B15F95285F55A900B9513C = {
			isa = PBXGroup;
			children = (
				92B15FA0285F55A900B9513C /* Employee Feedback App */,
				92B15F9F285F55A900B9513C /* Products */,
			);
			sourceTree = "<group>";
		};
		92B15F9F285F55A900B9513C /* Products */ = {
			isa = PBXGroup;
			children = (
				92B15F9E285F55A900B9513C /* Employee Feedback App.app */,
			);
			name = Products;
			sourceTree = "<group>";
		};
		92B15FA0285F55A900B9513C /* Employee Feedback App */ = {
			isa = PBXGroup;
			children = (
				9288E29B286DC5EB009B8F2B /* Services */,
				92B15FD0286098F800B9513C /* ViewControllers */,
				92B15FA1285F55A900B9513C /* AppDelegate.swift */,
				92B15FA3285F55A900B9513C /* SceneDelegate.swift */,
				92B15FA7285F55A900B9513C /* Main.storyboard */,
				92B15FAA285F55AB00B9513C /* Assets.xcassets */,
				92B15FAC285F55AB00B9513C /* LaunchScreen.storyboard */,
				92B15FAF285F55AB00B9513C /* Info.plist */,
			);
			path = "Employee Feedback App";
			sourceTree = "<group>";
		};
		92B15FD0286098F800B9513C /* ViewControllers */ = {
			isa = PBXGroup;
			children = (
				92B15FA5285F55A900B9513C /* HomeViewController.swift */,
				92B15FCA2860537B00B9513C /* DetailViewController.swift */,
				92B15FCC2860882800B9513C /* LoginViewController.swift */,
				92B15FCE28608E2C00B9513C /* SignUpViewController.swift */,
				92B15FD12860A74F00B9513C /* ProfileViewController.swift */,
				9292043328631CB20075DACC /* ProfileFeedbackViewController.swift */,
				923DF9992864D9E50035D1F6 /* SendFeedbackViewController.swift */,
				92E43D762869B52300863B65 /* OldFeedbacksViewController.swift */,
				92E43D782869B7FA00863B65 /* FeedbackDetailViewController.swift */,
				92E43D7A2869BF7100863B65 /* EditProfileViewController.swift */,
				9241EC552870C70300148051 /* ProfileFeedbackDetailViewController.swift */,
			);
			path = ViewControllers;
			sourceTree = "<group>";
		};
/* End PBXGroup section */

/* Begin PBXNativeTarget section */
		92B15F9D285F55A900B9513C /* Employee Feedback App */ = {
			isa = PBXNativeTarget;
			buildConfigurationList = 92B15FB2285F55AB00B9513C /* Build configuration list for PBXNativeTarget "Employee Feedback App" */;
			buildPhases = (
				92B15F9A285F55A900B9513C /* Sources */,
				92B15F9B285F55A900B9513C /* Frameworks */,
				92B15F9C285F55A900B9513C /* Resources */,
			);
			buildRules = (
			);
			dependencies = (
			);
			name = "Employee Feedback App";
			productName = "Employee Feedback App";
			productReference = 92B15F9E285F55A900B9513C /* Employee Feedback App.app */;
			productType = "com.apple.product-type.application";
		};
/* End PBXNativeTarget section */

/* Begin PBXProject section */
		92B15F96285F55A900B9513C /* Project object */ = {
			isa = PBXProject;
			attributes = {
				BuildIndependentTargetsInParallel = 1;
				LastSwiftUpdateCheck = 1340;
				LastUpgradeCheck = 1340;
				TargetAttributes = {
					92B15F9D285F55A900B9513C = {
						CreatedOnToolsVersion = 13.4.1;
					};
				};
			};
			buildConfigurationList = 92B15F99285F55A900B9513C /* Build configuration list for PBXProject "Employee Feedback App" */;
			compatibilityVersion = "Xcode 13.0";
			developmentRegion = en;
			hasScannedForEncodings = 0;
			knownRegions = (
				en,
				Base,
			);
			mainGroup = 92B15F95285F55A900B9513C;
			productRefGroup = 92B15F9F285F55A900B9513C /* Products */;
			projectDirPath = "";
			projectRoot = "";
			targets = (
				92B15F9D285F55A900B9513C /* Employee Feedback App */,
			);
		};
/* End PBXProject section */

/* Begin PBXResourcesBuildPhase section */
		92B15F9C285F55A900B9513C /* Resources */ = {
			isa = PBXResourcesBuildPhase;
			buildActionMask = 2147483647;
			files = (
				92B15FAE285F55AB00B9513C /* LaunchScreen.storyboard in Resources */,
				92B15FAB285F55AB00B9513C /* Assets.xcassets in Resources */,
				92B15FA9285F55A900B9513C /* Main.storyboard in Resources */,
			);
			runOnlyForDeploymentPostprocessing = 0;
		};
/* End PBXResourcesBuildPhase section */

/* Begin PBXSourcesBuildPhase section */
		92B15F9A285F55A900B9513C /* Sources */ = {
			isa = PBXSourcesBuildPhase;
			buildActionMask = 2147483647;
			files = (
				9288E29D286DC619009B8F2B /* WebService.swift in Sources */,
				92B15FCF28608E2C00B9513C /* SignUpViewController.swift in Sources */,
				923DF99A2864D9E50035D1F6 /* SendFeedbackViewController.swift in Sources */,
				92B15FA6285F55A900B9513C /* HomeViewController.swift in Sources */,
				92B15FA2285F55A900B9513C /* AppDelegate.swift in Sources */,
				92E43D772869B52300863B65 /* OldFeedbacksViewController.swift in Sources */,
				9292043428631CB20075DACC /* ProfileFeedbackViewController.swift in Sources */,
				92B15FA4285F55A900B9513C /* SceneDelegate.swift in Sources */,
				92B15FD22860A74F00B9513C /* ProfileViewController.swift in Sources */,
				92E43D7B2869BF7200863B65 /* EditProfileViewController.swift in Sources */,
				9241EC562870C70300148051 /* ProfileFeedbackDetailViewController.swift in Sources */,
				92E43D792869B7FA00863B65 /* FeedbackDetailViewController.swift in Sources */,
				92B15FCD2860882800B9513C /* LoginViewController.swift in Sources */,
				92B15FCB2860537B00B9513C /* DetailViewController.swift in Sources */,
			);
			runOnlyForDeploymentPostprocessing = 0;
		};
/* End PBXSourcesBuildPhase section */

/* Begin PBXVariantGroup section */
		92B15FA7285F55A900B9513C /* Main.storyboard */ = {
			isa = PBXVariantGroup;
			children = (
				92B15FA8285F55A900B9513C /* Base */,
			);
			name = Main.storyboard;
			sourceTree = "<group>";
		};
		92B15FAC285F55AB00B9513C /* LaunchScreen.storyboard */ = {
			isa = PBXVariantGroup;
			children = (
				92B15FAD285F55AB00B9513C /* Base */,
			);
			name = LaunchScreen.storyboard;
			sourceTree = "<group>";
		};
/* End PBXVariantGroup section */

/* Begin XCBuildConfiguration section */
		92B15FB0285F55AB00B9513C /* Debug */ = {
			isa = XCBuildConfiguration;
			buildSettings = {
				ALWAYS_SEARCH_USER_PATHS = NO;
				CLANG_ANALYZER_NONNULL = YES;
				CLANG_ANALYZER_NUMBER_OBJECT_CONVERSION = YES_AGGRESSIVE;
				CLANG_CXX_LANGUAGE_STANDARD = "gnu++17";
				CLANG_ENABLE_MODULES = YES;
				CLANG_ENABLE_OBJC_ARC = YES;
				CLANG_ENABLE_OBJC_WEAK = YES;
				CLANG_WARN_BLOCK_CAPTURE_AUTORELEASING = YES;
				CLANG_WARN_BOOL_CONVERSION = YES;
				CLANG_WARN_COMMA = YES;
				CLANG_WARN_CONSTANT_CONVERSION = YES;
				CLANG_WARN_DEPRECATED_OBJC_IMPLEMENTATIONS = YES;
				CLANG_WARN_DIRECT_OBJC_ISA_USAGE = YES_ERROR;
				CLANG_WARN_DOCUMENTATION_COMMENTS = YES;
				CLANG_WARN_EMPTY_BODY = YES;
				CLANG_WARN_ENUM_CONVERSION = YES;
				CLANG_WARN_INFINITE_RECURSION = YES;
				CLANG_WARN_INT_CONVERSION = YES;
				CLANG_WARN_NON_LITERAL_NULL_CONVERSION = YES;
				CLANG_WARN_OBJC_IMPLICIT_RETAIN_SELF = YES;
				CLANG_WARN_OBJC_LITERAL_CONVERSION = YES;
				CLANG_WARN_OBJC_ROOT_CLASS = YES_ERROR;
				CLANG_WARN_QUOTED_INCLUDE_IN_FRAMEWORK_HEADER = YES;
				CLANG_WARN_RANGE_LOOP_ANALYSIS = YES;
				CLANG_WARN_STRICT_PROTOTYPES = YES;
				CLANG_WARN_SUSPICIOUS_MOVE = YES;
				CLANG_WARN_UNGUARDED_AVAILABILITY = YES_AGGRESSIVE;
				CLANG_WARN_UNREACHABLE_CODE = YES;
				CLANG_WARN__DUPLICATE_METHOD_MATCH = YES;
				COPY_PHASE_STRIP = NO;
				DEBUG_INFORMATION_FORMAT = dwarf;
				ENABLE_STRICT_OBJC_MSGSEND = YES;
				ENABLE_TESTABILITY = YES;
				GCC_C_LANGUAGE_STANDARD = gnu11;
				GCC_DYNAMIC_NO_PIC = NO;
				GCC_NO_COMMON_BLOCKS = YES;
				GCC_OPTIMIZATION_LEVEL = 0;
				GCC_PREPROCESSOR_DEFINITIONS = (
					"DEBUG=1",
					"$(inherited)",
				);
				GCC_WARN_64_TO_32_BIT_CONVERSION = YES;
				GCC_WARN_ABOUT_RETURN_TYPE = YES_ERROR;
				GCC_WARN_UNDECLARED_SELECTOR = YES;
				GCC_WARN_UNINITIALIZED_AUTOS = YES_AGGRESSIVE;
				GCC_WARN_UNUSED_FUNCTION = YES;
				GCC_WARN_UNUSED_VARIABLE = YES;
				IPHONEOS_DEPLOYMENT_TARGET = 15.5;
				MTL_ENABLE_DEBUG_INFO = INCLUDE_SOURCE;
				MTL_FAST_MATH = YES;
				ONLY_ACTIVE_ARCH = YES;
				SDKROOT = iphoneos;
				SWIFT_ACTIVE_COMPILATION_CONDITIONS = DEBUG;
				SWIFT_OPTIMIZATION_LEVEL = "-Onone";
			};
			name = Debug;
		};
		92B15FB1285F55AB00B9513C /* Release */ = {
			isa = XCBuildConfiguration;
			buildSettings = {
				ALWAYS_SEARCH_USER_PATHS = NO;
				CLANG_ANALYZER_NONNULL = YES;
				CLANG_ANALYZER_NUMBER_OBJECT_CONVERSION = YES_AGGRESSIVE;
				CLANG_CXX_LANGUAGE_STANDARD = "gnu++17";
				CLANG_ENABLE_MODULES = YES;
				CLANG_ENABLE_OBJC_ARC = YES;
				CLANG_ENABLE_OBJC_WEAK = YES;
				CLANG_WARN_BLOCK_CAPTURE_AUTORELEASING = YES;
				CLANG_WARN_BOOL_CONVERSION = YES;
				CLANG_WARN_COMMA = YES;
				CLANG_WARN_CONSTANT_CONVERSION = YES;
				CLANG_WARN_DEPRECATED_OBJC_IMPLEMENTATIONS = YES;
				CLANG_WARN_DIRECT_OBJC_ISA_USAGE = YES_ERROR;
				CLANG_WARN_DOCUMENTATION_COMMENTS = YES;
				CLANG_WARN_EMPTY_BODY = YES;
				CLANG_WARN_ENUM_CONVERSION = YES;
				CLANG_WARN_INFINITE_RECURSION = YES;
				CLANG_WARN_INT_CONVERSION = YES;
				CLANG_WARN_NON_LITERAL_NULL_CONVERSION = YES;
				CLANG_WARN_OBJC_IMPLICIT_RETAIN_SELF = YES;
				CLANG_WARN_OBJC_LITERAL_CONVERSION = YES;
				CLANG_WARN_OBJC_ROOT_CLASS = YES_ERROR;
				CLANG_WARN_QUOTED_INCLUDE_IN_FRAMEWORK_HEADER = YES;
				CLANG_WARN_RANGE_LOOP_ANALYSIS = YES;
				CLANG_WARN_STRICT_PROTOTYPES = YES;
				CLANG_WARN_SUSPICIOUS_MOVE = YES;
				CLANG_WARN_UNGUARDED_AVAILABILITY = YES_AGGRESSIVE;
				CLANG_WARN_UNREACHABLE_CODE = YES;
				CLANG_WARN__DUPLICATE_METHOD_MATCH = YES;
				COPY_PHASE_STRIP = NO;
				DEBUG_INFORMATION_FORMAT = "dwarf-with-dsym";
				ENABLE_NS_ASSERTIONS = NO;
				ENABLE_STRICT_OBJC_MSGSEND = YES;
				GCC_C_LANGUAGE_STANDARD = gnu11;
				GCC_NO_COMMON_BLOCKS = YES;
				GCC_WARN_64_TO_32_BIT_CONVERSION = YES;
				GCC_WARN_ABOUT_RETURN_TYPE = YES_ERROR;
				GCC_WARN_UNDECLARED_SELECTOR = YES;
				GCC_WARN_UNINITIALIZED_AUTOS = YES_AGGRESSIVE;
				GCC_WARN_UNUSED_FUNCTION = YES;
				GCC_WARN_UNUSED_VARIABLE = YES;
				IPHONEOS_DEPLOYMENT_TARGET = 15.5;
				MTL_ENABLE_DEBUG_INFO = NO;
				MTL_FAST_MATH = YES;
				SDKROOT = iphoneos;
				SWIFT_COMPILATION_MODE = wholemodule;
				SWIFT_OPTIMIZATION_LEVEL = "-O";
				VALIDATE_PRODUCT = YES;
			};
			name = Release;
		};
		92B15FB3285F55AB00B9513C /* Debug */ = {
			isa = XCBuildConfiguration;
			buildSettings = {
				ASSETCATALOG_COMPILER_APPICON_NAME = AppIcon;
				ASSETCATALOG_COMPILER_GLOBAL_ACCENT_COLOR_NAME = AccentColor;
				CODE_SIGN_STYLE = Automatic;
				CURRENT_PROJECT_VERSION = 1;
				GENERATE_INFOPLIST_FILE = YES;
				INFOPLIST_FILE = "Employee Feedback App/Info.plist";
				INFOPLIST_KEY_UIApplicationSupportsIndirectInputEvents = YES;
				INFOPLIST_KEY_UILaunchStoryboardName = LaunchScreen;
				INFOPLIST_KEY_UIMainStoryboardFile = Main;
				INFOPLIST_KEY_UISupportedInterfaceOrientations_iPad = "UIInterfaceOrientationPortrait UIInterfaceOrientationPortraitUpsideDown UIInterfaceOrientationLandscapeLeft UIInterfaceOrientationLandscapeRight";
				INFOPLIST_KEY_UISupportedInterfaceOrientations_iPhone = "UIInterfaceOrientationPortrait UIInterfaceOrientationLandscapeLeft UIInterfaceOrientationLandscapeRight";
				LD_RUNPATH_SEARCH_PATHS = (
					"$(inherited)",
					"@executable_path/Frameworks",
				);
				MARKETING_VERSION = 1.0;
				PRODUCT_BUNDLE_IDENTIFIER = "com.db.Employee-Feedback-App";
				PRODUCT_NAME = "$(TARGET_NAME)";
				SWIFT_EMIT_LOC_STRINGS = YES;
				SWIFT_VERSION = 5.0;
				TARGETED_DEVICE_FAMILY = "1,2";
			};
			name = Debug;
		};
		92B15FB4285F55AB00B9513C /* Release */ = {
			isa = XCBuildConfiguration;
			buildSettings = {
				ASSETCATALOG_COMPILER_APPICON_NAME = AppIcon;
				ASSETCATALOG_COMPILER_GLOBAL_ACCENT_COLOR_NAME = AccentColor;
				CODE_SIGN_STYLE = Automatic;
				CURRENT_PROJECT_VERSION = 1;
				GENERATE_INFOPLIST_FILE = YES;
				INFOPLIST_FILE = "Employee Feedback App/Info.plist";
				INFOPLIST_KEY_UIApplicationSupportsIndirectInputEvents = YES;
				INFOPLIST_KEY_UILaunchStoryboardName = LaunchScreen;
				INFOPLIST_KEY_UIMainStoryboardFile = Main;
				INFOPLIST_KEY_UISupportedInterfaceOrientations_iPad = "UIInterfaceOrientationPortrait UIInterfaceOrientationPortraitUpsideDown UIInterfaceOrientationLandscapeLeft UIInterfaceOrientationLandscapeRight";
				INFOPLIST_KEY_UISupportedInterfaceOrientations_iPhone = "UIInterfaceOrientationPortrait UIInterfaceOrientationLandscapeLeft UIInterfaceOrientationLandscapeRight";
				LD_RUNPATH_SEARCH_PATHS = (
					"$(inherited)",
					"@executable_path/Frameworks",
				);
				MARKETING_VERSION = 1.0;
				PRODUCT_BUNDLE_IDENTIFIER = "com.db.Employee-Feedback-App";
				PRODUCT_NAME = "$(TARGET_NAME)";
				SWIFT_EMIT_LOC_STRINGS = YES;
				SWIFT_VERSION = 5.0;
				TARGETED_DEVICE_FAMILY = "1,2";
			};
			name = Release;
		};
/* End XCBuildConfiguration section */

/* Begin XCConfigurationList section */
		92B15F99285F55A900B9513C /* Build configuration list for PBXProject "Employee Feedback App" */ = {
			isa = XCConfigurationList;
			buildConfigurations = (
				92B15FB0285F55AB00B9513C /* Debug */,
				92B15FB1285F55AB00B9513C /* Release */,
			);
			defaultConfigurationIsVisible = 0;
			defaultConfigurationName = Release;
		};
		92B15FB2285F55AB00B9513C /* Build configuration list for PBXNativeTarget "Employee Feedback App" */ = {
			isa = XCConfigurationList;
			buildConfigurations = (
				92B15FB3285F55AB00B9513C /* Debug */,
				92B15FB4285F55AB00B9513C /* Release */,
			);
			defaultConfigurationIsVisible = 0;
			defaultConfigurationName = Release;
		};
/* End XCConfigurationList section */
	};
	rootObject = 92B15F96285F55A900B9513C /* Project object */;
}
